<?xml version="1.0" encoding="utf-8"?>
<Project ToolsVersion="4.0" xmlns="http://schemas.microsoft.com/developer/msbuild/2003">
  <ItemGroup>
    <Filter Include="Source Files">
      <UniqueIdentifier>{4FC737F1-C7A5-4376-A066-2A32D752A2FF}</UniqueIdentifier>
      <Extensions>cpp;c;cc;cxx;def;odl;idl;hpj;bat;asm;asmx</Extensions>
    </Filter>
    <Filter Include="Header Files">
      <UniqueIdentifier>{93995380-89BD-4b04-88EB-625FBE52EBFB}</UniqueIdentifier>
      <Extensions>h;hh;hpp;hxx;hm;inl;inc;ipp;xsd</Extensions>
    </Filter>
    <Filter Include="Resource Files">
      <UniqueIdentifier>{67DA6AB6-F800-4c08-8B7A-83BB121AAD01}</UniqueIdentifier>
      <Extensions>rc;ico;cur;bmp;dlg;rc2;rct;bin;rgs;gif;jpg;jpeg;jpe;resx;tiff;tif;png;wav;mfcribbon-ms</Extensions>
    </Filter>
  </ItemGroup>
  <ItemGroup>
    <ClCompile Include="Bank\Repositories\CardRepo.cpp">
      <Filter>Source Files</Filter>
    </ClCompile>
    <ClCompile Include="Bank\main.cpp">
      <Filter>Source Files</Filter>
    </ClCompile>
    <ClCompile Include="Bank\Cards\CreditCard.cpp">
      <Filter>Source Files</Filter>
    </ClCompile>
    <ClCompile Include="Bank\Cards\NamedCard.cpp">
      <Filter>Source Files</Filter>
    </ClCompile>
    <ClCompile Include="Bank\Services\CreditCardService.cpp">
      <Filter>Source Files</Filter>
    </ClCompile>
    <ClCompile Include="Bank\Services\ConsoleService.cpp">
      <Filter>Source Files</Filter>
    </ClCompile>
  </ItemGroup>
  <ItemGroup>
    <ClInclude Include="Bank\Repositories\CardRepo.h">
      <Filter>Header Files</Filter>
    </ClInclude>
    <ClInclude Include="Bank\Cards\CreditCard.h">
      <Filter>Header Files</Filter>
    </ClInclude>
    <ClInclude Include="Bank\Cards\NamedCard.h">
      <Filter>Header Files</Filter>
    </ClInclude>
    <ClInclude Include="Bank\Shop\Products\Apple.h">
      <Filter>Header Files</Filter>
    </ClInclude>
    <ClInclude Include="Bank\Shop\Products\Orange.h">
      <Filter>Header Files</Filter>
    </ClInclude>
    <ClInclude Include="Bank\Shop\Products\Product.h">
      <Filter>Header Files</Filter>
    </ClInclude>
    <ClInclude Include="Bank\Cards\Card.h">
      <Filter>Header Files</Filter>
    </ClInclude>
    <ClInclude Include="Bank\Shop\Products\Strawberry.h">
      <Filter>Header Files</Filter>
    </ClInclude>
    <ClInclude Include="Bank\Repositories\Repo.h">
      <Filter>Header Files</Filter>
    </ClInclude>
    <ClInclude Include="Bank\Shop\ProductShop.h">
      <Filter>Header Files</Filter>
    </ClInclude>
    <ClInclude Include="Bank\Shop\Shop.h">
      <Filter>Header Files</Filter>
    </ClInclude>
    <ClInclude Include="Bank\Cards\Emv.h">
      <Filter>Header Files</Filter>
    </ClInclude>
    <ClInclude Include="Bank\Shop\ProductsFactory.h">
      <Filter>Header Files</Filter>
    </ClInclude>
    <ClInclude Include="Bank\Services\CreditCardService.h">
      <Filter>Header Files</Filter>
    </ClInclude>
    <ClInclude Include="Bank\Services\CardService.h">
      <Filter>Header Files</Filter>
    </ClInclude>
    <ClInclude Include="Bank\Services\ConsoleService.h">
      <Filter>Header Files</Filter>
    </ClInclude>
    <ClInclude Include="Bank\Services\CommandService.h">
      <Filter>Header Files</Filter>
    </ClInclude>
    <ClInclude Include="Bank\Exceptions\CvvException.h">
      <Filter>Header Files</Filter>
    </ClInclude>
    <ClInclude Include="Bank\Exceptions\NotNumericStringException.h">
      <Filter>Header Files</Filter>
    </ClInclude>
    <ClInclude Include="Bank\Utils.h">
      <Filter>Header Files</Filter>
    </ClInclude>
  </ItemGroup>
</Project>